
Microsoft Visual Studio Solution File, Format Version 12.00
# Visual Studio Version 17
VisualStudioVersion = 17.12.35506.116 d17.12
MinimumVisualStudioVersion = 10.0.40219.1
Project("{2150E333-8FDC-42A3-9474-1A3956D46DE8}") = "test", "test", "{EEC6BA92-3171-4743-B087-F1F4507BD685}"
EndProject
Project("{FAE04EC0-301F-11D3-BF4B-00C04F79EFBC}") = "FileValidationApi", "src\FileValidationApi\FileValidationApi.csproj", "{30C5C43C-55CC-4589-8104-ADA1B67976E0}"
EndProject
Project("{FAE04EC0-301F-11D3-BF4B-00C04F79EFBC}") = "FileValidationApi.UnitTests", "test\FileValidationApi.UnitTests\FileValidationApi.UnitTests.csproj", "{7B24804F-1317-4E0F-9201-CFB9C9197B4B}"
EndProject
Global
	GlobalSection(SolutionConfigurationPlatforms) = preSolution
		Debug|Any CPU = Debug|Any CPU
		Release|Any CPU = Release|Any CPU
	EndGlobalSection
	GlobalSection(ProjectConfigurationPlatforms) = postSolution
		{30C5C43C-55CC-4589-8104-ADA1B67976E0}.Debug|Any CPU.ActiveCfg = Debug|Any CPU
		{30C5C43C-55CC-4589-8104-ADA1B67976E0}.Debug|Any CPU.Build.0 = Debug|Any CPU
		{30C5C43C-55CC-4589-8104-ADA1B67976E0}.Release|Any CPU.ActiveCfg = Release|Any CPU
		{30C5C43C-55CC-4589-8104-ADA1B67976E0}.Release|Any CPU.Build.0 = Release|Any CPU
		{7B24804F-1317-4E0F-9201-CFB9C9197B4B}.Debug|Any CPU.ActiveCfg = Debug|Any CPU
		{7B24804F-1317-4E0F-9201-CFB9C9197B4B}.Debug|Any CPU.Build.0 = Debug|Any CPU
		{7B24804F-1317-4E0F-9201-CFB9C9197B4B}.Release|Any CPU.ActiveCfg = Release|Any CPU
		{7B24804F-1317-4E0F-9201-CFB9C9197B4B}.Release|Any CPU.Build.0 = Release|Any CPU
	EndGlobalSection
	GlobalSection(SolutionProperties) = preSolution
		HideSolutionNode = FALSE
	EndGlobalSection
	GlobalSection(NestedProjects) = preSolution
		{7B24804F-1317-4E0F-9201-CFB9C9197B4B} = {EEC6BA92-3171-4743-B087-F1F4507BD685}
	EndGlobalSection
EndGlobal
