
Microsoft Visual Studio Solution File, Format Version 12.00
# Visual Studio Version 17
VisualStudioVersion = 17.12.35506.116
MinimumVisualStudioVersion = 10.0.40219.1
Project("{2150E333-8FDC-42A3-9474-1A3956D46DE8}") = "test", "test", "{EEC6BA92-3171-4743-B087-F1F4507BD685}"
EndProject
Project("{FAE04EC0-301F-11D3-BF4B-00C04F79EFBC}") = "FileValidationApi", "src\FileValidationApi\FileValidationApi.csproj", "{30C5C43C-55CC-4589-8104-ADA1B67976E0}"
EndProject
Project("{FAE04EC0-301F-11D3-BF4B-00C04F79EFBC}") = "FileValidationApi.UnitTests", "test\FileValidationApi.UnitTests\FileValidationApi.UnitTests.csproj", "{7B24804F-1317-4E0F-9201-CFB9C9197B4B}"
EndProject
Project("{FAE04EC0-301F-11D3-BF4B-00C04F79EFBC}") = "FileValidationApi.IntegrationTests", "test\FileValidationApi.IntegrationTests\FileValidationApi.IntegrationTests.csproj", "{B99407B9-3508-40A0-812E-E8ACE478E63A}"
EndProject
Project("{E53339B2-1760-4266-BCC7-CA923CBCF16C}") = "docker-compose", "docker-compose.dcproj", "{6395B8DB-F5C5-4498-B9FB-5EAD6AB72E81}"
EndProject
Global
	GlobalSection(SolutionConfigurationPlatforms) = preSolution
		Debug|Any CPU = Debug|Any CPU
		Release|Any CPU = Release|Any CPU
	EndGlobalSection
	GlobalSection(ProjectConfigurationPlatforms) = postSolution
		{30C5C43C-55CC-4589-8104-ADA1B67976E0}.Debug|Any CPU.ActiveCfg = Debug|Any CPU
		{30C5C43C-55CC-4589-8104-ADA1B67976E0}.Debug|Any CPU.Build.0 = Debug|Any CPU
		{30C5C43C-55CC-4589-8104-ADA1B67976E0}.Release|Any CPU.ActiveCfg = Release|Any CPU
		{30C5C43C-55CC-4589-8104-ADA1B67976E0}.Release|Any CPU.Build.0 = Release|Any CPU
		{7B24804F-1317-4E0F-9201-CFB9C9197B4B}.Debug|Any CPU.ActiveCfg = Debug|Any CPU
		{7B24804F-1317-4E0F-9201-CFB9C9197B4B}.Debug|Any CPU.Build.0 = Debug|Any CPU
		{7B24804F-1317-4E0F-9201-CFB9C9197B4B}.Release|Any CPU.ActiveCfg = Release|Any CPU
		{7B24804F-1317-4E0F-9201-CFB9C9197B4B}.Release|Any CPU.Build.0 = Release|Any CPU
		{B99407B9-3508-40A0-812E-E8ACE478E63A}.Debug|Any CPU.ActiveCfg = Debug|Any CPU
		{B99407B9-3508-40A0-812E-E8ACE478E63A}.Debug|Any CPU.Build.0 = Debug|Any CPU
		{B99407B9-3508-40A0-812E-E8ACE478E63A}.Release|Any CPU.ActiveCfg = Release|Any CPU
		{B99407B9-3508-40A0-812E-E8ACE478E63A}.Release|Any CPU.Build.0 = Release|Any CPU
		{6395B8DB-F5C5-4498-B9FB-5EAD6AB72E81}.Debug|Any CPU.ActiveCfg = Debug|Any CPU
		{6395B8DB-F5C5-4498-B9FB-5EAD6AB72E81}.Debug|Any CPU.Build.0 = Debug|Any CPU
		{6395B8DB-F5C5-4498-B9FB-5EAD6AB72E81}.Release|Any CPU.ActiveCfg = Release|Any CPU
		{6395B8DB-F5C5-4498-B9FB-5EAD6AB72E81}.Release|Any CPU.Build.0 = Release|Any CPU
	EndGlobalSection
	GlobalSection(SolutionProperties) = preSolution
		HideSolutionNode = FALSE
	EndGlobalSection
	GlobalSection(NestedProjects) = preSolution
		{7B24804F-1317-4E0F-9201-CFB9C9197B4B} = {EEC6BA92-3171-4743-B087-F1F4507BD685}
		{B99407B9-3508-40A0-812E-E8ACE478E63A} = {EEC6BA92-3171-4743-B087-F1F4507BD685}
	EndGlobalSection
EndGlobal
